
Microsoft Visual Studio Solution File, Format Version 12.00
# Visual Studio Version 17
VisualStudioVersion = 17.14.36518.9 d17.14
MinimumVisualStudioVersion = 10.0.40219.1
Project("{FAE04EC0-301F-11D3-BF4B-00C04F79EFBC}") = "Test_App_Sente", "Test_App_Sente\Test_App_Sente.csproj", "{E4AA488F-6E30-4E8D-9148-F3038BC00020}"
EndProject
Global
	GlobalSection(SolutionConfigurationPlatforms) = preSolution
		Debug|Any CPU = Debug|Any CPU
		Release|Any CPU = Release|Any CPU
	EndGlobalSection
	GlobalSection(ProjectConfigurationPlatforms) = postSolution
		{E4AA488F-6E30-4E8D-9148-F3038BC00020}.Debug|Any CPU.ActiveCfg = Debug|Any CPU
		{E4AA488F-6E30-4E8D-9148-F3038BC00020}.Debug|Any CPU.Build.0 = Debug|Any CPU
		{E4AA488F-6E30-4E8D-9148-F3038BC00020}.Release|Any CPU.ActiveCfg = Release|Any CPU
		{E4AA488F-6E30-4E8D-9148-F3038BC00020}.Release|Any CPU.Build.0 = Release|Any CPU
	EndGlobalSection
	GlobalSection(SolutionProperties) = preSolution
		HideSolutionNode = FALSE
	EndGlobalSection
	GlobalSection(ExtensibilityGlobals) = postSolution
		SolutionGuid = {484536B1-312F-42D0-B770-7DF9CC540C08}
	EndGlobalSection
EndGlobal
